
Microsoft Visual Studio Solution File, Format Version 12.00
# Visual Studio Version 17
VisualStudioVersion = 17.4.33205.214
MinimumVisualStudioVersion = 10.0.40219.1
Project("{FAE04EC0-301F-11D3-BF4B-00C04F79EFBC}") = "ZaverecnyProject1", "ZaverecnyProject1\ZaverecnyProject1.csproj", "{97107465-429F-431A-9E96-F5B2AB883254}"
EndProject
Global
	GlobalSection(SolutionConfigurationPlatforms) = preSolution
		Debug|Any CPU = Debug|Any CPU
		Release|Any CPU = Release|Any CPU
	EndGlobalSection
	GlobalSection(ProjectConfigurationPlatforms) = postSolution
		{97107465-429F-431A-9E96-F5B2AB883254}.Debug|Any CPU.ActiveCfg = Debug|Any CPU
		{97107465-429F-431A-9E96-F5B2AB883254}.Debug|Any CPU.Build.0 = Debug|Any CPU
		{97107465-429F-431A-9E96-F5B2AB883254}.Release|Any CPU.ActiveCfg = Release|Any CPU
		{97107465-429F-431A-9E96-F5B2AB883254}.Release|Any CPU.Build.0 = Release|Any CPU
	EndGlobalSection
	GlobalSection(SolutionProperties) = preSolution
		HideSolutionNode = FALSE
	EndGlobalSection
	GlobalSection(ExtensibilityGlobals) = postSolution
		SolutionGuid = {C9882D17-FD83-4C40-9B84-3AE0460287C2}
	EndGlobalSection
EndGlobal
